
Microsoft Visual Studio Solution File, Format Version 12.00
# Visual Studio Version 16
VisualStudioVersion = 16.0.29926.136
MinimumVisualStudioVersion = 10.0.40219.1
Project("{9A19103F-16F7-4668-BE54-9A1E7A4F7556}") = "WebVendas", "WebVendas\WebVendas.csproj", "{3D1CF8D1-FC17-4568-A9BB-5CECA93272A9}"
EndProject
Global
	GlobalSection(SolutionConfigurationPlatforms) = preSolution
		Debug|Any CPU = Debug|Any CPU
		Release|Any CPU = Release|Any CPU
	EndGlobalSection
	GlobalSection(ProjectConfigurationPlatforms) = postSolution
		{3D1CF8D1-FC17-4568-A9BB-5CECA93272A9}.Debug|Any CPU.ActiveCfg = Debug|Any CPU
		{3D1CF8D1-FC17-4568-A9BB-5CECA93272A9}.Debug|Any CPU.Build.0 = Debug|Any CPU
		{3D1CF8D1-FC17-4568-A9BB-5CECA93272A9}.Release|Any CPU.ActiveCfg = Release|Any CPU
		{3D1CF8D1-FC17-4568-A9BB-5CECA93272A9}.Release|Any CPU.Build.0 = Release|Any CPU
	EndGlobalSection
	GlobalSection(SolutionProperties) = preSolution
		HideSolutionNode = FALSE
	EndGlobalSection
	GlobalSection(ExtensibilityGlobals) = postSolution
		SolutionGuid = {78D10FDE-537B-4232-A1B6-2984493D7D6F}
	EndGlobalSection
EndGlobal
